// !$*UTF8*$!
{
	archiveVersion = 1;
	classes = {
	};
	objectVersion = 55;
	objects = {

/* Begin PBXBuildFile section */
		8288E348290F818D00438EA9 /* AppDelegate.swift in Sources */ = {isa = PBXBuildFile; fileRef = 8288E347290F818D00438EA9 /* AppDelegate.swift */; };
		8288E34A290F818D00438EA9 /* SceneDelegate.swift in Sources */ = {isa = PBXBuildFile; fileRef = 8288E349290F818D00438EA9 /* SceneDelegate.swift */; };
		8288E34C290F818D00438EA9 /* ViewController.swift in Sources */ = {isa = PBXBuildFile; fileRef = 8288E34B290F818D00438EA9 /* ViewController.swift */; };
		8288E34F290F818D00438EA9 /* Main.storyboard in Resources */ = {isa = PBXBuildFile; fileRef = 8288E34D290F818D00438EA9 /* Main.storyboard */; };
		8288E351290F818F00438EA9 /* Assets.xcassets in Resources */ = {isa = PBXBuildFile; fileRef = 8288E350290F818F00438EA9 /* Assets.xcassets */; };
		8288E354290F818F00438EA9 /* LaunchScreen.storyboard in Resources */ = {isa = PBXBuildFile; fileRef = 8288E352290F818F00438EA9 /* LaunchScreen.storyboard */; };
		CBB308802F67722224A70AB2 /* Pods_TestGitSubmodule.framework in Frameworks */ = {isa = PBXBuildFile; fileRef = 76D3B4107494E65ECA19998E /* Pods_TestGitSubmodule.framework */; };
/* End PBXBuildFile section */

/* Begin PBXFileReference section */
		0D41E7F1E66A5955E2BC5E22 /* Pods-TestGitSubmodule.release.xcconfig */ = {isa = PBXFileReference; includeInIndex = 1; lastKnownFileType = text.xcconfig; name = "Pods-TestGitSubmodule.release.xcconfig"; path = "Target Support Files/Pods-TestGitSubmodule/Pods-TestGitSubmodule.release.xcconfig"; sourceTree = "<group>"; };
		207B75FDD77B847033A2EB27 /* Pods-TestGitSubmodule.debug.xcconfig */ = {isa = PBXFileReference; includeInIndex = 1; lastKnownFileType = text.xcconfig; name = "Pods-TestGitSubmodule.debug.xcconfig"; path = "Target Support Files/Pods-TestGitSubmodule/Pods-TestGitSubmodule.debug.xcconfig"; sourceTree = "<group>"; };
		76D3B4107494E65ECA19998E /* Pods_TestGitSubmodule.framework */ = {isa = PBXFileReference; explicitFileType = wrapper.framework; includeInIndex = 0; path = Pods_TestGitSubmodule.framework; sourceTree = BUILT_PRODUCTS_DIR; };
		8288E344290F818D00438EA9 /* TestGitSubmodule.app */ = {isa = PBXFileReference; explicitFileType = wrapper.application; includeInIndex = 0; path = TestGitSubmodule.app; sourceTree = BUILT_PRODUCTS_DIR; };
		8288E347290F818D00438EA9 /* AppDelegate.swift */ = {isa = PBXFileReference; lastKnownFileType = sourcecode.swift; path = AppDelegate.swift; sourceTree = "<group>"; };
		8288E349290F818D00438EA9 /* SceneDelegate.swift */ = {isa = PBXFileReference; lastKnownFileType = sourcecode.swift; path = SceneDelegate.swift; sourceTree = "<group>"; };
		8288E34B290F818D00438EA9 /* ViewController.swift */ = {isa = PBXFileReference; lastKnownFileType = sourcecode.swift; path = ViewController.swift; sourceTree = "<group>"; };
		8288E34E290F818D00438EA9 /* Base */ = {isa = PBXFileReference; lastKnownFileType = file.storyboard; name = Base; path = Base.lproj/Main.storyboard; sourceTree = "<group>"; };
		8288E350290F818F00438EA9 /* Assets.xcassets */ = {isa = PBXFileReference; lastKnownFileType = folder.assetcatalog; path = Assets.xcassets; sourceTree = "<group>"; };
		8288E353290F818F00438EA9 /* Base */ = {isa = PBXFileReference; lastKnownFileType = file.storyboard; name = Base; path = Base.lproj/LaunchScreen.storyboard; sourceTree = "<group>"; };
		8288E355290F818F00438EA9 /* Info.plist */ = {isa = PBXFileReference; lastKnownFileType = text.plist.xml; path = Info.plist; sourceTree = "<group>"; };
/* End PBXFileReference section */

/* Begin PBXFrameworksBuildPhase section */
		8288E341290F818D00438EA9 /* Frameworks */ = {
			isa = PBXFrameworksBuildPhase;
			buildActionMask = 2147483647;
			files = (
				CBB308802F67722224A70AB2 /* Pods_TestGitSubmodule.framework in Frameworks */,
			);
			runOnlyForDeploymentPostprocessing = 0;
		};
/* End PBXFrameworksBuildPhase section */

/* Begin PBXGroup section */
		21AA1DD935103271FDE28DC6 /* Pods */ = {
			isa = PBXGroup;
			children = (
				207B75FDD77B847033A2EB27 /* Pods-TestGitSubmodule.debug.xcconfig */,
				0D41E7F1E66A5955E2BC5E22 /* Pods-TestGitSubmodule.release.xcconfig */,
			);
			name = Pods;
			path = Pods;
			sourceTree = "<group>";
		};
		8288E33B290F818D00438EA9 = {
			isa = PBXGroup;
			children = (
				8288E346290F818D00438EA9 /* TestGitSubmodule */,
				8288E345290F818D00438EA9 /* Products */,
				21AA1DD935103271FDE28DC6 /* Pods */,
				E32ADBB05AD3CB5176D48789 /* Frameworks */,
			);
			sourceTree = "<group>";
		};
		8288E345290F818D00438EA9 /* Products */ = {
			isa = PBXGroup;
			children = (
				8288E344290F818D00438EA9 /* TestGitSubmodule.app */,
			);
			name = Products;
			sourceTree = "<group>";
		};
		8288E346290F818D00438EA9 /* TestGitSubmodule */ = {
			isa = PBXGroup;
			children = (
				8288E347290F818D00438EA9 /* AppDelegate.swift */,
				8288E349290F818D00438EA9 /* SceneDelegate.swift */,
				8288E34B290F818D00438EA9 /* ViewController.swift */,
				8288E34D290F818D00438EA9 /* Main.storyboard */,
				8288E350290F818F00438EA9 /* Assets.xcassets */,
				8288E352290F818F00438EA9 /* LaunchScreen.storyboard */,
				8288E355290F818F00438EA9 /* Info.plist */,
			);
			path = TestGitSubmodule;
			sourceTree = "<group>";
		};
		E32ADBB05AD3CB5176D48789 /* Frameworks */ = {
			isa = PBXGroup;
			children = (
				76D3B4107494E65ECA19998E /* Pods_TestGitSubmodule.framework */,
			);
			name = Frameworks;
			sourceTree = "<group>";
		};
/* End PBXGroup section */

/* Begin PBXNativeTarget section */
		8288E343290F818D00438EA9 /* TestGitSubmodule */ = {
			isa = PBXNativeTarget;
			buildConfigurationList = 8288E358290F818F00438EA9 /* Build configuration list for PBXNativeTarget "TestGitSubmodule" */;
			buildPhases = (
				1D8A14753E43B873A159A269 /* [CP] Check Pods Manifest.lock */,
				8288E340290F818D00438EA9 /* Sources */,
				8288E341290F818D00438EA9 /* Frameworks */,
				8288E342290F818D00438EA9 /* Resources */,
				936A4B5C79F26BFF03EC5E07 /* [CP] Embed Pods Frameworks */,
			);
			buildRules = (
			);
			dependencies = (
			);
			name = TestGitSubmodule;
			productName = TestGitSubmodule;
			productReference = 8288E344290F818D00438EA9 /* TestGitSubmodule.app */;
			productType = "com.apple.product-type.application";
		};
/* End PBXNativeTarget section */

/* Begin PBXProject section */
		8288E33C290F818D00438EA9 /* Project object */ = {
			isa = PBXProject;
			attributes = {
				BuildIndependentTargetsInParallel = 1;
				LastSwiftUpdateCheck = 1340;
				LastUpgradeCheck = 1340;
				TargetAttributes = {
					8288E343290F818D00438EA9 = {
						CreatedOnToolsVersion = 13.4.1;
					};
				};
			};
			buildConfigurationList = 8288E33F290F818D00438EA9 /* Build configuration list for PBXProject "TestGitSubmodule" */;
			compatibilityVersion = "Xcode 13.0";
			developmentRegion = en;
			hasScannedForEncodings = 0;
			knownRegions = (
				en,
				Base,
			);
			mainGroup = 8288E33B290F818D00438EA9;
			productRefGroup = 8288E345290F818D00438EA9 /* Products */;
			projectDirPath = "";
			projectRoot = "";
			targets = (
				8288E343290F818D00438EA9 /* TestGitSubmodule */,
			);
		};
/* End PBXProject section */

/* Begin PBXResourcesBuildPhase section */
		8288E342290F818D00438EA9 /* Resources */ = {
			isa = PBXResourcesBuildPhase;
			buildActionMask = 2147483647;
			files = (
				8288E354290F818F00438EA9 /* LaunchScreen.storyboard in Resources */,
				8288E351290F818F00438EA9 /* Assets.xcassets in Resources */,
				8288E34F290F818D00438EA9 /* Main.storyboard in Resources */,
			);
			runOnlyForDeploymentPostprocessing = 0;
		};
/* End PBXResourcesBuildPhase section */

/* Begin PBXShellScriptBuildPhase section */
		1D8A14753E43B873A159A269 /* [CP] Check Pods Manifest.lock */ = {
			isa = PBXShellScriptBuildPhase;
			buildActionMask = 2147483647;
			files = (
			);
			inputFileListPaths = (
			);
			inputPaths = (
				"${PODS_PODFILE_DIR_PATH}/Podfile.lock",
				"${PODS_ROOT}/Manifest.lock",
			);
			name = "[CP] Check Pods Manifest.lock";
			outputFileListPaths = (
			);
			outputPaths = (
				"$(DERIVED_FILE_DIR)/Pods-TestGitSubmodule-checkManifestLockResult.txt",
			);
			runOnlyForDeploymentPostprocessing = 0;
			shellPath = /bin/sh;
			shellScript = "diff \"${PODS_PODFILE_DIR_PATH}/Podfile.lock\" \"${PODS_ROOT}/Manifest.lock\" > /dev/null\nif [ $? != 0 ] ; then\n    # print error to STDERR\n    echo \"error: The sandbox is not in sync with the Podfile.lock. Run 'pod install' or update your CocoaPods installation.\" >&2\n    exit 1\nfi\n# This output is used by Xcode 'outputs' to avoid re-running this script phase.\necho \"SUCCESS\" > \"${SCRIPT_OUTPUT_FILE_0}\"\n";
			showEnvVarsInLog = 0;
		};
		936A4B5C79F26BFF03EC5E07 /* [CP] Embed Pods Frameworks */ = {
			isa = PBXShellScriptBuildPhase;
			buildActionMask = 2147483647;
			files = (
			);
			inputFileListPaths = (
				"${PODS_ROOT}/Target Support Files/Pods-TestGitSubmodule/Pods-TestGitSubmodule-frameworks-${CONFIGURATION}-input-files.xcfilelist",
			);
			name = "[CP] Embed Pods Frameworks";
			outputFileListPaths = (
				"${PODS_ROOT}/Target Support Files/Pods-TestGitSubmodule/Pods-TestGitSubmodule-frameworks-${CONFIGURATION}-output-files.xcfilelist",
			);
			runOnlyForDeploymentPostprocessing = 0;
			shellPath = /bin/sh;
			shellScript = "\"${PODS_ROOT}/Target Support Files/Pods-TestGitSubmodule/Pods-TestGitSubmodule-frameworks.sh\"\n";
			showEnvVarsInLog = 0;
		};
/* End PBXShellScriptBuildPhase section */

/* Begin PBXSourcesBuildPhase section */
		8288E340290F818D00438EA9 /* Sources */ = {
			isa = PBXSourcesBuildPhase;
			buildActionMask = 2147483647;
			files = (
				8288E34C290F818D00438EA9 /* ViewController.swift in Sources */,
				8288E348290F818D00438EA9 /* AppDelegate.swift in Sources */,
				8288E34A290F818D00438EA9 /* SceneDelegate.swift in Sources */,
			);
			runOnlyForDeploymentPostprocessing = 0;
		};
/* End PBXSourcesBuildPhase section */

/* Begin PBXVariantGroup section */
		8288E34D290F818D00438EA9 /* Main.storyboard */ = {
			isa = PBXVariantGroup;
			children = (
				8288E34E290F818D00438EA9 /* Base */,
			);
			name = Main.storyboard;
			sourceTree = "<group>";
		};
		8288E352290F818F00438EA9 /* LaunchScreen.storyboard */ = {
			isa = PBXVariantGroup;
			children = (
				8288E353290F818F00438EA9 /* Base */,
			);
			name = LaunchScreen.storyboard;
			sourceTree = "<group>";
		};
/* End PBXVariantGroup section */

/* Begin XCBuildConfiguration section */
		8288E356290F818F00438EA9 /* Debug */ = {
			isa = XCBuildConfiguration;
			buildSettings = {
				ALWAYS_SEARCH_USER_PATHS = NO;
				CLANG_ANALYZER_NONNULL = YES;
				CLANG_ANALYZER_NUMBER_OBJECT_CONVERSION = YES_AGGRESSIVE;
				CLANG_CXX_LANGUAGE_STANDARD = "gnu++17";
				CLANG_ENABLE_MODULES = YES;
				CLANG_ENABLE_OBJC_ARC = YES;
				CLANG_ENABLE_OBJC_WEAK = YES;
				CLANG_WARN_BLOCK_CAPTURE_AUTORELEASING = YES;
				CLANG_WARN_BOOL_CONVERSION = YES;
				CLANG_WARN_COMMA = YES;
				CLANG_WARN_CONSTANT_CONVERSION = YES;
				CLANG_WARN_DEPRECATED_OBJC_IMPLEMENTATIONS = YES;
				CLANG_WARN_DIRECT_OBJC_ISA_USAGE = YES_ERROR;
				CLANG_WARN_DOCUMENTATION_COMMENTS = YES;
				CLANG_WARN_EMPTY_BODY = YES;
				CLANG_WARN_ENUM_CONVERSION = YES;
				CLANG_WARN_INFINITE_RECURSION = YES;
				CLANG_WARN_INT_CONVERSION = YES;
				CLANG_WARN_NON_LITERAL_NULL_CONVERSION = YES;
				CLANG_WARN_OBJC_IMPLICIT_RETAIN_SELF = YES;
				CLANG_WARN_OBJC_LITERAL_CONVERSION = YES;
				CLANG_WARN_OBJC_ROOT_CLASS = YES_ERROR;
				CLANG_WARN_QUOTED_INCLUDE_IN_FRAMEWORK_HEADER = YES;
				CLANG_WARN_RANGE_LOOP_ANALYSIS = YES;
				CLANG_WARN_STRICT_PROTOTYPES = YES;
				CLANG_WARN_SUSPICIOUS_MOVE = YES;
				CLANG_WARN_UNGUARDED_AVAILABILITY = YES_AGGRESSIVE;
				CLANG_WARN_UNREACHABLE_CODE = YES;
				CLANG_WARN__DUPLICATE_METHOD_MATCH = YES;
				COPY_PHASE_STRIP = NO;
				DEBUG_INFORMATION_FORMAT = dwarf;
				ENABLE_STRICT_OBJC_MSGSEND = YES;
				ENABLE_TESTABILITY = YES;
				GCC_C_LANGUAGE_STANDARD = gnu11;
				GCC_DYNAMIC_NO_PIC = NO;
				GCC_NO_COMMON_BLOCKS = YES;
				GCC_OPTIMIZATION_LEVEL = 0;
				GCC_PREPROCESSOR_DEFINITIONS = (
					"DEBUG=1",
					"$(inherited)",
				);
				GCC_WARN_64_TO_32_BIT_CONVERSION = YES;
				GCC_WARN_ABOUT_RETURN_TYPE = YES_ERROR;
				GCC_WARN_UNDECLARED_SELECTOR = YES;
				GCC_WARN_UNINITIALIZED_AUTOS = YES_AGGRESSIVE;
				GCC_WARN_UNUSED_FUNCTION = YES;
				GCC_WARN_UNUSED_VARIABLE = YES;
				IPHONEOS_DEPLOYMENT_TARGET = 15.5;
				MTL_ENABLE_DEBUG_INFO = INCLUDE_SOURCE;
				MTL_FAST_MATH = YES;
				ONLY_ACTIVE_ARCH = YES;
				SDKROOT = iphoneos;
				SWIFT_ACTIVE_COMPILATION_CONDITIONS = DEBUG;
				SWIFT_OPTIMIZATION_LEVEL = "-Onone";
			};
			name = Debug;
		};
		8288E357290F818F00438EA9 /* Release */ = {
			isa = XCBuildConfiguration;
			buildSettings = {
				ALWAYS_SEARCH_USER_PATHS = NO;
				CLANG_ANALYZER_NONNULL = YES;
				CLANG_ANALYZER_NUMBER_OBJECT_CONVERSION = YES_AGGRESSIVE;
				CLANG_CXX_LANGUAGE_STANDARD = "gnu++17";
				CLANG_ENABLE_MODULES = YES;
				CLANG_ENABLE_OBJC_ARC = YES;
				CLANG_ENABLE_OBJC_WEAK = YES;
				CLANG_WARN_BLOCK_CAPTURE_AUTORELEASING = YES;
				CLANG_WARN_BOOL_CONVERSION = YES;
				CLANG_WARN_COMMA = YES;
				CLANG_WARN_CONSTANT_CONVERSION = YES;
				CLANG_WARN_DEPRECATED_OBJC_IMPLEMENTATIONS = YES;
				CLANG_WARN_DIRECT_OBJC_ISA_USAGE = YES_ERROR;
				CLANG_WARN_DOCUMENTATION_COMMENTS = YES;
				CLANG_WARN_EMPTY_BODY = YES;
				CLANG_WARN_ENUM_CONVERSION = YES;
				CLANG_WARN_INFINITE_RECURSION = YES;
				CLANG_WARN_INT_CONVERSION = YES;
				CLANG_WARN_NON_LITERAL_NULL_CONVERSION = YES;
				CLANG_WARN_OBJC_IMPLICIT_RETAIN_SELF = YES;
				CLANG_WARN_OBJC_LITERAL_CONVERSION = YES;
				CLANG_WARN_OBJC_ROOT_CLASS = YES_ERROR;
				CLANG_WARN_QUOTED_INCLUDE_IN_FRAMEWORK_HEADER = YES;
				CLANG_WARN_RANGE_LOOP_ANALYSIS = YES;
				CLANG_WARN_STRICT_PROTOTYPES = YES;
				CLANG_WARN_SUSPICIOUS_MOVE = YES;
				CLANG_WARN_UNGUARDED_AVAILABILITY = YES_AGGRESSIVE;
				CLANG_WARN_UNREACHABLE_CODE = YES;
				CLANG_WARN__DUPLICATE_METHOD_MATCH = YES;
				COPY_PHASE_STRIP = NO;
				DEBUG_INFORMATION_FORMAT = "dwarf-with-dsym";
				ENABLE_NS_ASSERTIONS = NO;
				ENABLE_STRICT_OBJC_MSGSEND = YES;
				GCC_C_LANGUAGE_STANDARD = gnu11;
				GCC_NO_COMMON_BLOCKS = YES;
				GCC_WARN_64_TO_32_BIT_CONVERSION = YES;
				GCC_WARN_ABOUT_RETURN_TYPE = YES_ERROR;
				GCC_WARN_UNDECLARED_SELECTOR = YES;
				GCC_WARN_UNINITIALIZED_AUTOS = YES_AGGRESSIVE;
				GCC_WARN_UNUSED_FUNCTION = YES;
				GCC_WARN_UNUSED_VARIABLE = YES;
				IPHONEOS_DEPLOYMENT_TARGET = 15.5;
				MTL_ENABLE_DEBUG_INFO = NO;
				MTL_FAST_MATH = YES;
				SDKROOT = iphoneos;
				SWIFT_COMPILATION_MODE = wholemodule;
				SWIFT_OPTIMIZATION_LEVEL = "-O";
				VALIDATE_PRODUCT = YES;
			};
			name = Release;
		};
		8288E359290F818F00438EA9 /* Debug */ = {
			isa = XCBuildConfiguration;
			baseConfigurationReference = 207B75FDD77B847033A2EB27 /* Pods-TestGitSubmodule.debug.xcconfig */;
			buildSettings = {
				ASSETCATALOG_COMPILER_APPICON_NAME = AppIcon;
				ASSETCATALOG_COMPILER_GLOBAL_ACCENT_COLOR_NAME = AccentColor;
				CODE_SIGN_STYLE = Automatic;
				CURRENT_PROJECT_VERSION = 1;
				DEVELOPMENT_TEAM = X425UMCZ68;
				GENERATE_INFOPLIST_FILE = YES;
				INFOPLIST_FILE = TestGitSubmodule/Info.plist;
				INFOPLIST_KEY_UIApplicationSupportsIndirectInputEvents = YES;
				INFOPLIST_KEY_UILaunchStoryboardName = LaunchScreen;
				INFOPLIST_KEY_UIMainStoryboardFile = Main;
				INFOPLIST_KEY_UISupportedInterfaceOrientations_iPad = "UIInterfaceOrientationPortrait UIInterfaceOrientationPortraitUpsideDown UIInterfaceOrientationLandscapeLeft UIInterfaceOrientationLandscapeRight";
				INFOPLIST_KEY_UISupportedInterfaceOrientations_iPhone = "UIInterfaceOrientationPortrait UIInterfaceOrientationLandscapeLeft UIInterfaceOrientationLandscapeRight";
				LD_RUNPATH_SEARCH_PATHS = (
					"$(inherited)",
					"@executable_path/Frameworks",
				);
				MARKETING_VERSION = 1.0;
				PRODUCT_BUNDLE_IDENTIFIER = com.TestGitSubmodule;
				PRODUCT_NAME = "$(TARGET_NAME)";
				SWIFT_EMIT_LOC_STRINGS = YES;
				SWIFT_VERSION = 5.0;
				TARGETED_DEVICE_FAMILY = "1,2";
			};
			name = Debug;
		};
		8288E35A290F818F00438EA9 /* Release */ = {
			isa = XCBuildConfiguration;
			baseConfigurationReference = 0D41E7F1E66A5955E2BC5E22 /* Pods-TestGitSubmodule.release.xcconfig */;
			buildSettings = {
				ASSETCATALOG_COMPILER_APPICON_NAME = AppIcon;
				ASSETCATALOG_COMPILER_GLOBAL_ACCENT_COLOR_NAME = AccentColor;
				CODE_SIGN_STYLE = Automatic;
				CURRENT_PROJECT_VERSION = 1;
				DEVELOPMENT_TEAM = X425UMCZ68;
				GENERATE_INFOPLIST_FILE = YES;
				INFOPLIST_FILE = TestGitSubmodule/Info.plist;
				INFOPLIST_KEY_UIApplicationSupportsIndirectInputEvents = YES;
				INFOPLIST_KEY_UILaunchStoryboardName = LaunchScreen;
				INFOPLIST_KEY_UIMainStoryboardFile = Main;
				INFOPLIST_KEY_UISupportedInterfaceOrientations_iPad = "UIInterfaceOrientationPortrait UIInterfaceOrientationPortraitUpsideDown UIInterfaceOrientationLandscapeLeft UIInterfaceOrientationLandscapeRight";
				INFOPLIST_KEY_UISupportedInterfaceOrientations_iPhone = "UIInterfaceOrientationPortrait UIInterfaceOrientationLandscapeLeft UIInterfaceOrientationLandscapeRight";
				LD_RUNPATH_SEARCH_PATHS = (
					"$(inherited)",
					"@executable_path/Frameworks",
				);
				MARKETING_VERSION = 1.0;
				PRODUCT_BUNDLE_IDENTIFIER = com.TestGitSubmodule;
				PRODUCT_NAME = "$(TARGET_NAME)";
				SWIFT_EMIT_LOC_STRINGS = YES;
				SWIFT_VERSION = 5.0;
				TARGETED_DEVICE_FAMILY = "1,2";
			};
			name = Release;
		};
/* End XCBuildConfiguration section */

/* Begin XCConfigurationList section */
		8288E33F290F818D00438EA9 /* Build configuration list for PBXProject "TestGitSubmodule" */ = {
			isa = XCConfigurationList;
			buildConfigurations = (
				8288E356290F818F00438EA9 /* Debug */,
				8288E357290F818F00438EA9 /* Release */,
			);
			defaultConfigurationIsVisible = 0;
			defaultConfigurationName = Release;
		};
		8288E358290F818F00438EA9 /* Build configuration list for PBXNativeTarget "TestGitSubmodule" */ = {
			isa = XCConfigurationList;
			buildConfigurations = (
				8288E359290F818F00438EA9 /* Debug */,
				8288E35A290F818F00438EA9 /* Release */,
			);
			defaultConfigurationIsVisible = 0;
			defaultConfigurationName = Release;
		};
/* End XCConfigurationList section */
	};
	rootObject = 8288E33C290F818D00438EA9 /* Project object */;
}
